
Microsoft Visual Studio Solution File, Format Version 12.00
# Visual Studio Version 16
VisualStudioVersion = 16.0.31005.135
MinimumVisualStudioVersion = 10.0.40219.1
Project("{FAE04EC0-301F-11D3-BF4B-00C04F79EFBC}") = "Catalina", "Catalina\Catalina.csproj", "{11ACF434-9716-435E-97F8-7115567E9C8B}"
EndProject
Global
	GlobalSection(SolutionConfigurationPlatforms) = preSolution
		Debug|Any CPU = Debug|Any CPU
		Release|Any CPU = Release|Any CPU
	EndGlobalSection
	GlobalSection(ProjectConfigurationPlatforms) = postSolution
		{11ACF434-9716-435E-97F8-7115567E9C8B}.Debug|Any CPU.ActiveCfg = Debug|Any CPU
		{11ACF434-9716-435E-97F8-7115567E9C8B}.Debug|Any CPU.Build.0 = Debug|Any CPU
		{11ACF434-9716-435E-97F8-7115567E9C8B}.Release|Any CPU.ActiveCfg = Release|Any CPU
		{11ACF434-9716-435E-97F8-7115567E9C8B}.Release|Any CPU.Build.0 = Release|Any CPU
	EndGlobalSection
	GlobalSection(SolutionProperties) = preSolution
		HideSolutionNode = FALSE
	EndGlobalSection
	GlobalSection(ExtensibilityGlobals) = postSolution
		SolutionGuid = {DD098ACC-3FA8-4281-984A-A9540B2D5C98}
	EndGlobalSection
EndGlobal
